
Microsoft Visual Studio Solution File, Format Version 12.00
# Visual Studio 15
VisualStudioVersion = 15.0.28010.2046
MinimumVisualStudioVersion = 10.0.40219.1
Project("{FAE04EC0-301F-11D3-BF4B-00C04F79EFBC}") = "PruebaLinq2", "PruebaLinq2\PruebaLinq2.csproj", "{07282F31-5899-45A8-839E-A5AA96C59789}"
EndProject
Global
	GlobalSection(SolutionConfigurationPlatforms) = preSolution
		Debug|Any CPU = Debug|Any CPU
		Release|Any CPU = Release|Any CPU
	EndGlobalSection
	GlobalSection(ProjectConfigurationPlatforms) = postSolution
		{07282F31-5899-45A8-839E-A5AA96C59789}.Debug|Any CPU.ActiveCfg = Debug|Any CPU
		{07282F31-5899-45A8-839E-A5AA96C59789}.Debug|Any CPU.Build.0 = Debug|Any CPU
		{07282F31-5899-45A8-839E-A5AA96C59789}.Release|Any CPU.ActiveCfg = Release|Any CPU
		{07282F31-5899-45A8-839E-A5AA96C59789}.Release|Any CPU.Build.0 = Release|Any CPU
	EndGlobalSection
	GlobalSection(SolutionProperties) = preSolution
		HideSolutionNode = FALSE
	EndGlobalSection
	GlobalSection(ExtensibilityGlobals) = postSolution
		SolutionGuid = {5D9B9267-E8BA-410F-A4E2-1E8658B8C8B0}
	EndGlobalSection
EndGlobal
